
Microsoft Visual Studio Solution File, Format Version 12.00
# Visual Studio Version 17
VisualStudioVersion = 17.14.36203.30 d17.14
MinimumVisualStudioVersion = 10.0.40219.1
Project("{FAE04EC0-301F-11D3-BF4B-00C04F79EFBC}") = "PlayerApp", "PlayerApp\PlayerApp.csproj", "{E9E4C987-96FF-49E7-A728-F491F7A18714}"
EndProject
Global
	GlobalSection(SolutionConfigurationPlatforms) = preSolution
		Debug|Any CPU = Debug|Any CPU
		Release|Any CPU = Release|Any CPU
	EndGlobalSection
	GlobalSection(ProjectConfigurationPlatforms) = postSolution
		{E9E4C987-96FF-49E7-A728-F491F7A18714}.Debug|Any CPU.ActiveCfg = Debug|Any CPU
		{E9E4C987-96FF-49E7-A728-F491F7A18714}.Debug|Any CPU.Build.0 = Debug|Any CPU
		{E9E4C987-96FF-49E7-A728-F491F7A18714}.Release|Any CPU.ActiveCfg = Release|Any CPU
		{E9E4C987-96FF-49E7-A728-F491F7A18714}.Release|Any CPU.Build.0 = Release|Any CPU
	EndGlobalSection
	GlobalSection(SolutionProperties) = preSolution
		HideSolutionNode = FALSE
	EndGlobalSection
	GlobalSection(ExtensibilityGlobals) = postSolution
		SolutionGuid = {89E24FDA-619B-48C3-91C5-FD1A559095F0}
	EndGlobalSection
EndGlobal
